PODS:
  - CryptoSwift (0.13.1)
  - EarlGrey (1.15.0)
  - OHHTTPStubs (6.1.0):
    - OHHTTPStubs/Default (= 6.1.0)
  - OHHTTPStubs/Core (6.1.0)
  - OHHTTPStubs/Default (6.1.0):
    - OHHTTPStubs/Core
    - OHHTTPStubs/JSON
    - OHHTTPStubs/NSURLSession
    - OHHTTPStubs/OHPathHelpers
  - OHHTTPStubs/JSON (6.1.0):
    - OHHTTPStubs/Core
  - OHHTTPStubs/NSURLSession (6.1.0):
    - OHHTTPStubs/Core
  - OHHTTPStubs/OHPathHelpers (6.1.0)

DEPENDENCIES:
  - CryptoSwift
  - EarlGrey
  - OHHTTPStubs

SPEC REPOS:
  https://github.com/cocoapods/specs.git:
    - CryptoSwift
    - EarlGrey
    - OHHTTPStubs

SPEC CHECKSUMS:
  CryptoSwift: ff68c35a53e03177d31aaa2c1e8b3e010aeed6cb
  EarlGrey: 289a16cc7d08a54b962d72881b21e36d5103b549
  OHHTTPStubs: 1e21c7d2c084b8153fc53d48400d8919d2d432d0

PODFILE CHECKSUM: d054f6d80dd1ac19caa3fa6402d9dc8ef727f760

COCOAPODS: 1.6.0.beta.1
